
Microsoft Visual Studio Solution File, Format Version 12.00
# Visual Studio 15
VisualStudioVersion = 15.0.27004.2008
MinimumVisualStudioVersion = 10.0.40219.1
Project("{8BC9CEB8-8B4A-11D0-8D11-00A0C91BC942}") = "fts_updater", "fts_updater.vcxproj", "{58969CF1-0CC0-4AD8-818E-61E64DEE67A3}"
EndProject
Global
	GlobalSection(SolutionConfigurationPlatforms) = preSolution
		Debug|Win32 = Debug|Win32
		Release|Win32 = Release|Win32
	EndGlobalSection
	GlobalSection(ProjectConfigurationPlatforms) = postSolution
		{58969CF1-0CC0-4AD8-818E-61E64DEE67A3}.Debug|Win32.ActiveCfg = Debug|Win32
		{58969CF1-0CC0-4AD8-818E-61E64DEE67A3}.Debug|Win32.Build.0 = Debug|Win32
		{58969CF1-0CC0-4AD8-818E-61E64DEE67A3}.Release|Win32.ActiveCfg = Release|Win32
		{58969CF1-0CC0-4AD8-818E-61E64DEE67A3}.Release|Win32.Build.0 = Release|Win32
	EndGlobalSection
	GlobalSection(SolutionProperties) = preSolution
		HideSolutionNode = FALSE
	EndGlobalSection
	GlobalSection(ExtensibilityGlobals) = postSolution
		SolutionGuid = {78E6667F-6343-465B-B864-4E8FA8F14868}
	EndGlobalSection
EndGlobal
